<?xml version="1.0" encoding="utf-8"?>
<Project ToolsVersion="4.0" xmlns="http://schemas.microsoft.com/developer/msbuild/2003">
  <ItemGroup>
    <ClCompile Include="Code\CircularBuffer.cpp">
      <Filter>Code</Filter>
    </ClCompile>
    <ClCompile Include="Code\IOServicePool.cpp">
      <Filter>Code</Filter>
    </ClCompile>
    <ClCompile Include="Code\main.cpp">
      <Filter>Code</Filter>
    </ClCompile>
    <ClCompile Include="Code\Session.cpp">
      <Filter>Code</Filter>
    </ClCompile>
    <ClCompile Include="Code\stdafx.cpp">
      <Filter>Code</Filter>
    </ClCompile>
    <ClCompile Include="Examples\Generic Session\DefaultSession.cpp">
      <Filter>Examples\Generic Session</Filter>
    </ClCompile>
    <ClCompile Include="Examples\Knight Online Session\crc32.cpp">
      <Filter>Examples\Knight Online Session</Filter>
    </ClCompile>
    <ClCompile Include="Examples\Knight Online Session\JvCryption.cpp">
      <Filter>Examples\Knight Online Session</Filter>
    </ClCompile>
    <ClCompile Include="Examples\Knight Online Session\KOSession.cpp">
      <Filter>Examples\Knight Online Session</Filter>
    </ClCompile>
    <ClCompile Include="Misc\MemUsage.cpp">
      <Filter>Misc</Filter>
    </ClCompile>
  </ItemGroup>
  <ItemGroup>
    <ClInclude Include="Headers\CircularBuffer.hpp">
      <Filter>Headers</Filter>
    </ClInclude>
    <ClInclude Include="Headers\Define.hpp">
      <Filter>Headers</Filter>
    </ClInclude>
    <ClInclude Include="Headers\IOServicePool.hpp">
      <Filter>Headers</Filter>
    </ClInclude>
    <ClInclude Include="Headers\Server.hpp">
      <Filter>Headers</Filter>
    </ClInclude>
    <ClInclude Include="Headers\Server_Configuration.hpp">
      <Filter>Headers</Filter>
    </ClInclude>
    <ClInclude Include="Headers\Session.hpp">
      <Filter>Headers</Filter>
    </ClInclude>
    <ClInclude Include="Headers\Session_Configuration.hpp">
      <Filter>Headers</Filter>
    </ClInclude>
    <ClInclude Include="Headers\stdafx.h">
      <Filter>Headers</Filter>
    </ClInclude>
    <ClInclude Include="Headers\targetver.h">
      <Filter>Headers</Filter>
    </ClInclude>
    <ClInclude Include="Examples\Generic Session\DefaultSession.h">
      <Filter>Examples\Generic Session</Filter>
    </ClInclude>
    <ClInclude Include="Examples\Knight Online Session\ByteBuffer.hpp">
      <Filter>Examples\Knight Online Session</Filter>
    </ClInclude>
    <ClInclude Include="Examples\Knight Online Session\crc32.h">
      <Filter>Examples\Knight Online Session</Filter>
    </ClInclude>
    <ClInclude Include="Examples\Knight Online Session\JvCryption.h">
      <Filter>Examples\Knight Online Session</Filter>
    </ClInclude>
    <ClInclude Include="Examples\Knight Online Session\KOSession.hpp">
      <Filter>Examples\Knight Online Session</Filter>
    </ClInclude>
    <ClInclude Include="Examples\Knight Online Session\Packet.hpp">
      <Filter>Examples\Knight Online Session</Filter>
    </ClInclude>
    <ClInclude Include="Misc\MemUsage.h">
      <Filter>Misc</Filter>
    </ClInclude>
  </ItemGroup>
  <ItemGroup>
    <Text Include="ReadMe.txt" />
  </ItemGroup>
  <ItemGroup>
    <Filter Include="Headers">
      <UniqueIdentifier>{1ac553ca-8a09-4ed2-93f0-c32387be98c6}</UniqueIdentifier>
    </Filter>
    <Filter Include="Code">
      <UniqueIdentifier>{10f2ed3f-dec8-4c34-8c92-8835a880a0de}</UniqueIdentifier>
    </Filter>
    <Filter Include="Examples">
      <UniqueIdentifier>{456ee09d-a229-4249-b977-1d19c46df799}</UniqueIdentifier>
    </Filter>
    <Filter Include="Misc">
      <UniqueIdentifier>{06fa4326-d89c-41cf-be4b-6dc40f495472}</UniqueIdentifier>
    </Filter>
    <Filter Include="Examples\Generic Session">
      <UniqueIdentifier>{b3ff9792-5153-41ff-8f1b-eadff636a257}</UniqueIdentifier>
    </Filter>
    <Filter Include="Examples\Knight Online Session">
      <UniqueIdentifier>{ee86b1e3-c20b-4580-b4c5-724dde1082f1}</UniqueIdentifier>
    </Filter>
  </ItemGroup>
</Project>